// !$*UTF8*$!
// Chit intentionally retains local.dcole.TotTodo until the planned storage/preferences migration.
{ archiveVersion = 1; classes = {}; objectVersion = 77; objects = {
		CA1700030000000000000002 = { isa = PBXResourcesBuildPhase; buildActionMask = 2147483647; files = (CA1700030000000000000001, ); runOnlyForDeploymentPostprocessing = 0; };
		CA1700030000000000000000 = { isa = PBXFileReference; lastKnownFileType = text; path = "Vendor/libyaml/LICENSE"; sourceTree = SOURCE_ROOT; };
		CA1700030000000000000001 = { isa = PBXBuildFile; fileRef = CA1700030000000000000000; };
		CA1700010000000000000004 = { isa = PBXFileReference; lastKnownFileType = sourcecode.c.c; path = "Sources/CChitYAML/ChitYAML.c"; sourceTree = SOURCE_ROOT; };
		CA1700020000000000000004 = { isa = PBXBuildFile; fileRef = CA1700010000000000000004; };
		CA1700010000000000000003 = { isa = PBXFileReference; lastKnownFileType = sourcecode.c.c; path = "Vendor/libyaml/src/parser.c"; sourceTree = SOURCE_ROOT; };
		CA1700020000000000000003 = { isa = PBXBuildFile; fileRef = CA1700010000000000000003; };
		CA1700010000000000000002 = { isa = PBXFileReference; lastKnownFileType = sourcecode.c.c; path = "Vendor/libyaml/src/scanner.c"; sourceTree = SOURCE_ROOT; };
		CA1700020000000000000002 = { isa = PBXBuildFile; fileRef = CA1700010000000000000002; };
		CA1700010000000000000001 = { isa = PBXFileReference; lastKnownFileType = sourcecode.c.c; path = "Vendor/libyaml/src/reader.c"; sourceTree = SOURCE_ROOT; };
		CA1700020000000000000001 = { isa = PBXBuildFile; fileRef = CA1700010000000000000001; };
		CA1700010000000000000000 = { isa = PBXFileReference; lastKnownFileType = sourcecode.c.c; path = "Vendor/libyaml/src/api.c"; sourceTree = SOURCE_ROOT; };
		CA1700020000000000000000 = { isa = PBXBuildFile; fileRef = CA1700010000000000000000; };
		1F20A607560B208E53D7656D = { isa = PBXFileReference; explicitFileType = "archive.ar"; path = "libTodoCore.a"; sourceTree = BUILT_PRODUCTS_DIR; };
		5FF7425AFE86CEA1EE381DCB = { isa = PBXFileSystemSynchronizedRootGroup; path = "Sources/TodoCore"; sourceTree = "<group>"; };
		04BEFBB40815FA034DFF3003 = { isa = PBXSourcesBuildPhase; buildActionMask = 2147483647; files = (CA1700020000000000000000, CA1700020000000000000001, CA1700020000000000000002, CA1700020000000000000003, CA1700020000000000000004, ); runOnlyForDeploymentPostprocessing = 0; };
		B8D665AB4AE25BAB04457755 = { isa = PBXFrameworksBuildPhase; buildActionMask = 2147483647; files = (); runOnlyForDeploymentPostprocessing = 0; };
		993CDC46B6248FBA827C5F81 = { isa = PBXNativeTarget; buildConfigurationList = 95AB0C1FCA35A2CE72615A40; buildPhases = (04BEFBB40815FA034DFF3003, B8D665AB4AE25BAB04457755, ); buildRules = (); dependencies = (); fileSystemSynchronizedGroups = (5FF7425AFE86CEA1EE381DCB, ); name = "TodoCore"; productName = "TodoCore"; productReference = 1F20A607560B208E53D7656D; productType = "com.apple.product-type.library.static"; };
		267FADA29E40C9E123E1C88E = { isa = XCBuildConfiguration; buildSettings = { PRODUCT_NAME = "$(TARGET_NAME)"; PRODUCT_BUNDLE_IDENTIFIER = "local.dcole.TodoCore"; CODE_SIGN_STYLE = "Manual"; CODE_SIGN_IDENTITY = "-"; DEVELOPMENT_TEAM = ""; ENABLE_HARDENED_RUNTIME = "NO"; SWIFT_VERSION = "5.0"; MACOSX_DEPLOYMENT_TARGET = "14.0"; SWIFT_EMIT_LOC_STRINGS = "NO"; DEFINES_MODULE = "YES"; SKIP_INSTALL = "YES"; SWIFT_INSTALL_OBJC_HEADER = "NO"; }; name = Debug; };
		D0EE1D200E73ED760E5A33F7 = { isa = XCBuildConfiguration; buildSettings = { PRODUCT_NAME = "$(TARGET_NAME)"; PRODUCT_BUNDLE_IDENTIFIER = "local.dcole.TodoCore"; CODE_SIGN_STYLE = "Manual"; CODE_SIGN_IDENTITY = "-"; DEVELOPMENT_TEAM = ""; ENABLE_HARDENED_RUNTIME = "NO"; SWIFT_VERSION = "5.0"; MACOSX_DEPLOYMENT_TARGET = "14.0"; SWIFT_EMIT_LOC_STRINGS = "NO"; DEFINES_MODULE = "YES"; SKIP_INSTALL = "YES"; SWIFT_INSTALL_OBJC_HEADER = "NO"; }; name = Release; };
		95AB0C1FCA35A2CE72615A40 = { isa = XCConfigurationList; buildConfigurations = (267FADA29E40C9E123E1C88E, D0EE1D200E73ED760E5A33F7, ); defaultConfigurationIsVisible = 0; defaultConfigurationName = Release; };
		04366F658C523BE762898D18 = { isa = PBXFileReference; explicitFileType = "compiled.mach-o.executable"; path = "chit"; sourceTree = BUILT_PRODUCTS_DIR; };
		9859C953E0352822DCA1A7FB = { isa = PBXFileSystemSynchronizedRootGroup; path = "Sources/ChitCLI"; sourceTree = "<group>"; };
		66A5C4DDB0DD608980AFF660 = { isa = PBXSourcesBuildPhase; buildActionMask = 2147483647; files = (); runOnlyForDeploymentPostprocessing = 0; };
		D26F430E83ED2F5BE3DB7DDA = { isa = PBXBuildFile; fileRef = 1F20A607560B208E53D7656D; };
		5EAD2E54BDA875C0D2AE74BD = { isa = PBXFrameworksBuildPhase; buildActionMask = 2147483647; files = (D26F430E83ED2F5BE3DB7DDA, ); runOnlyForDeploymentPostprocessing = 0; };
		6E9A6BEDAD1C1B00D5F29AF3 = { isa = PBXContainerItemProxy; containerPortal = 98F54143AB4E86B28C3AFEE0; proxyType = 1; remoteGlobalIDString = 993CDC46B6248FBA827C5F81; remoteInfo = "TodoCore"; };
		DC28C0440953CC5E2349FDAE = { isa = PBXTargetDependency; target = 993CDC46B6248FBA827C5F81; targetProxy = 6E9A6BEDAD1C1B00D5F29AF3; };
		74A96A9B40D76DB598FE7516 = { isa = PBXNativeTarget; buildConfigurationList = 93E866A79C0D4E6039F4945C; buildPhases = (66A5C4DDB0DD608980AFF660, 5EAD2E54BDA875C0D2AE74BD, ); buildRules = (); dependencies = (DC28C0440953CC5E2349FDAE, ); fileSystemSynchronizedGroups = (9859C953E0352822DCA1A7FB, ); name = "ChitCLI"; productName = "chit"; productReference = 04366F658C523BE762898D18; productType = "com.apple.product-type.tool"; };
		3AC6669C1E9D8D8D4CE27310 = { isa = XCBuildConfiguration; buildSettings = { PRODUCT_NAME = "chit"; PRODUCT_MODULE_NAME = "ChitCLI"; PRODUCT_BUNDLE_IDENTIFIER = "local.dcole.chit"; CODE_SIGN_STYLE = "Manual"; CODE_SIGN_IDENTITY = "-"; DEVELOPMENT_TEAM = ""; ENABLE_HARDENED_RUNTIME = "NO"; SWIFT_VERSION = "5.0"; MACOSX_DEPLOYMENT_TARGET = "14.0"; SWIFT_EMIT_LOC_STRINGS = "NO"; }; name = Debug; };
		E72339BEE57F08E40E41DA80 = { isa = XCBuildConfiguration; buildSettings = { PRODUCT_NAME = "chit"; PRODUCT_MODULE_NAME = "ChitCLI"; PRODUCT_BUNDLE_IDENTIFIER = "local.dcole.chit"; CODE_SIGN_STYLE = "Manual"; CODE_SIGN_IDENTITY = "-"; DEVELOPMENT_TEAM = ""; ENABLE_HARDENED_RUNTIME = "NO"; SWIFT_VERSION = "5.0"; MACOSX_DEPLOYMENT_TARGET = "14.0"; SWIFT_EMIT_LOC_STRINGS = "NO"; }; name = Release; };
		93E866A79C0D4E6039F4945C = { isa = XCConfigurationList; buildConfigurations = (3AC6669C1E9D8D8D4CE27310, E72339BEE57F08E40E41DA80, ); defaultConfigurationIsVisible = 0; defaultConfigurationName = Release; };
		1834632E879A5ABC46AD5D2D = { isa = PBXFileReference; explicitFileType = "wrapper.application"; path = "Chit.app"; sourceTree = BUILT_PRODUCTS_DIR; };
		4BDA30A86BC9044216DF0268 = { isa = PBXFileSystemSynchronizedRootGroup; path = "Sources/Chit"; sourceTree = "<group>"; };
		183317A6CE24905CDEB47B32 = { isa = PBXSourcesBuildPhase; buildActionMask = 2147483647; files = (); runOnlyForDeploymentPostprocessing = 0; };
		B26C6E5FB2D17AE2902F3988 = { isa = PBXBuildFile; fileRef = 1F20A607560B208E53D7656D; };
		B566427172738730EAC777F5 = { isa = PBXFrameworksBuildPhase; buildActionMask = 2147483647; files = (B26C6E5FB2D17AE2902F3988, ); runOnlyForDeploymentPostprocessing = 0; };
		76489355029BD0F1CFEF39EB = { isa = PBXContainerItemProxy; containerPortal = 98F54143AB4E86B28C3AFEE0; proxyType = 1; remoteGlobalIDString = 993CDC46B6248FBA827C5F81; remoteInfo = "TodoCore"; };
		E3B6743D9C1694B499B1DC26 = { isa = PBXTargetDependency; target = 993CDC46B6248FBA827C5F81; targetProxy = 76489355029BD0F1CFEF39EB; };
		630984D7B54227D15795DF85 = { isa = PBXContainerItemProxy; containerPortal = 98F54143AB4E86B28C3AFEE0; proxyType = 1; remoteGlobalIDString = 74A96A9B40D76DB598FE7516; remoteInfo = "ChitCLI"; };
		7FA20397C8915A43B8A619D1 = { isa = PBXTargetDependency; target = 74A96A9B40D76DB598FE7516; targetProxy = 630984D7B54227D15795DF85; };
		1BB8964062BFFF3E64BADC3F = { isa = PBXBuildFile; fileRef = 04366F658C523BE762898D18; settings = { ATTRIBUTES = (CodeSignOnCopy, ); }; };
		C71DB006DCEFDE19BC25A359 = { isa = PBXCopyFilesBuildPhase; buildActionMask = 2147483647; dstPath = "bin"; dstSubfolderSpec = 7; files = (1BB8964062BFFF3E64BADC3F, ); name = "Bundle CLI"; runOnlyForDeploymentPostprocessing = 0; };
		7929E90BF6A23EC92C285AA1 = { isa = PBXShellScriptBuildPhase; buildActionMask = 2147483647; files = (); inputPaths = ("$(TARGET_BUILD_DIR)/$(UNLOCALIZED_RESOURCES_FOLDER_PATH)/bin/chit", ); outputPaths = ("$(TARGET_BUILD_DIR)/$(EXECUTABLE_FOLDER_PATH)/todo", ); name = "Bundle legacy CLI alias"; runOnlyForDeploymentPostprocessing = 0; shellPath = /bin/sh; shellScript = "cp \"$SCRIPT_INPUT_FILE_0\" \"$SCRIPT_OUTPUT_FILE_0\"\ncodesign --force --sign - \"$SCRIPT_OUTPUT_FILE_0\"\n"; };
		369691E06A05B1C61BA2C905 = { isa = PBXNativeTarget; buildConfigurationList = 1351C3C46BAEA7D5539B143A; buildPhases = (CA1700030000000000000002, 183317A6CE24905CDEB47B32, B566427172738730EAC777F5, C71DB006DCEFDE19BC25A359, 7929E90BF6A23EC92C285AA1, ); buildRules = (); dependencies = (E3B6743D9C1694B499B1DC26, 7FA20397C8915A43B8A619D1, ); fileSystemSynchronizedGroups = (4BDA30A86BC9044216DF0268, ); name = "Chit"; productName = "Chit"; productReference = 1834632E879A5ABC46AD5D2D; productType = "com.apple.product-type.application"; };
		18153D4921CA784FEB6099FA = { isa = XCBuildConfiguration; buildSettings = { PRODUCT_NAME = "$(TARGET_NAME)"; PRODUCT_BUNDLE_IDENTIFIER = "local.dcole.TotTodo"; CODE_SIGN_STYLE = "Manual"; CODE_SIGN_IDENTITY = "-"; DEVELOPMENT_TEAM = ""; ENABLE_HARDENED_RUNTIME = "NO"; SWIFT_VERSION = "5.0"; MACOSX_DEPLOYMENT_TARGET = "14.0"; SWIFT_EMIT_LOC_STRINGS = "NO"; INFOPLIST_FILE = "Resources/Info.plist"; GENERATE_INFOPLIST_FILE = "NO"; LD_RUNPATH_SEARCH_PATHS = "$(inherited) @executable_path/../Frameworks"; }; name = Debug; };
		C25A18C1811A81AAA0905CFC = { isa = XCBuildConfiguration; buildSettings = { PRODUCT_NAME = "$(TARGET_NAME)"; PRODUCT_BUNDLE_IDENTIFIER = "local.dcole.TotTodo"; CODE_SIGN_STYLE = "Manual"; CODE_SIGN_IDENTITY = "-"; DEVELOPMENT_TEAM = ""; ENABLE_HARDENED_RUNTIME = "NO"; SWIFT_VERSION = "5.0"; MACOSX_DEPLOYMENT_TARGET = "14.0"; SWIFT_EMIT_LOC_STRINGS = "NO"; INFOPLIST_FILE = "Resources/Info.plist"; GENERATE_INFOPLIST_FILE = "NO"; LD_RUNPATH_SEARCH_PATHS = "$(inherited) @executable_path/../Frameworks"; }; name = Release; };
		1351C3C46BAEA7D5539B143A = { isa = XCConfigurationList; buildConfigurations = (18153D4921CA784FEB6099FA, C25A18C1811A81AAA0905CFC, ); defaultConfigurationIsVisible = 0; defaultConfigurationName = Release; };
		4746940D047272226A471EC0 = { isa = PBXFileReference; explicitFileType = "wrapper.cfbundle"; path = "TodoCoreTests.xctest"; sourceTree = BUILT_PRODUCTS_DIR; };
		5E15B39AE1848F997AB8AE3F = { isa = PBXFileSystemSynchronizedRootGroup; path = "Tests/TodoCoreTests"; sourceTree = "<group>"; };
		F827B1401A305132AC71D5CE = { isa = PBXSourcesBuildPhase; buildActionMask = 2147483647; files = (); runOnlyForDeploymentPostprocessing = 0; };
		864D514F3B93E96D2A609299 = { isa = PBXBuildFile; fileRef = 1F20A607560B208E53D7656D; };
		3270A3959F204E531A997D70 = { isa = PBXFrameworksBuildPhase; buildActionMask = 2147483647; files = (864D514F3B93E96D2A609299, ); runOnlyForDeploymentPostprocessing = 0; };
		E12965D741141D8F38439762 = { isa = PBXContainerItemProxy; containerPortal = 98F54143AB4E86B28C3AFEE0; proxyType = 1; remoteGlobalIDString = 993CDC46B6248FBA827C5F81; remoteInfo = "TodoCore"; };
		8283EE8ABE9D0457D5336CD1 = { isa = PBXTargetDependency; target = 993CDC46B6248FBA827C5F81; targetProxy = E12965D741141D8F38439762; };
		5FA8C83C636A8E4825BF3F76 = { isa = PBXNativeTarget; buildConfigurationList = FBD3F6E0C906CE474613CD10; buildPhases = (F827B1401A305132AC71D5CE, 3270A3959F204E531A997D70, ); buildRules = (); dependencies = (8283EE8ABE9D0457D5336CD1, ); fileSystemSynchronizedGroups = (5E15B39AE1848F997AB8AE3F, ); name = "TodoCoreTests"; productName = "TodoCoreTests"; productReference = 4746940D047272226A471EC0; productType = "com.apple.product-type.bundle.unit-test"; };
		A2AFEAB91557C36A817B0D6C = { isa = XCBuildConfiguration; buildSettings = { PRODUCT_NAME = "$(TARGET_NAME)"; PRODUCT_BUNDLE_IDENTIFIER = "local.dcole.TodoCoreTests"; CODE_SIGN_STYLE = "Manual"; CODE_SIGN_IDENTITY = "-"; DEVELOPMENT_TEAM = ""; ENABLE_HARDENED_RUNTIME = "NO"; SWIFT_VERSION = "5.0"; MACOSX_DEPLOYMENT_TARGET = "14.0"; SWIFT_EMIT_LOC_STRINGS = "NO"; GENERATE_INFOPLIST_FILE = "YES"; LD_RUNPATH_SEARCH_PATHS = "$(inherited) @executable_path/../Frameworks @loader_path/../Frameworks"; }; name = Debug; };
		82216E31F0ED1449999B659D = { isa = XCBuildConfiguration; buildSettings = { PRODUCT_NAME = "$(TARGET_NAME)"; PRODUCT_BUNDLE_IDENTIFIER = "local.dcole.TodoCoreTests"; CODE_SIGN_STYLE = "Manual"; CODE_SIGN_IDENTITY = "-"; DEVELOPMENT_TEAM = ""; ENABLE_HARDENED_RUNTIME = "NO"; SWIFT_VERSION = "5.0"; MACOSX_DEPLOYMENT_TARGET = "14.0"; SWIFT_EMIT_LOC_STRINGS = "NO"; GENERATE_INFOPLIST_FILE = "YES"; LD_RUNPATH_SEARCH_PATHS = "$(inherited) @executable_path/../Frameworks @loader_path/../Frameworks"; }; name = Release; };
		FBD3F6E0C906CE474613CD10 = { isa = XCConfigurationList; buildConfigurations = (A2AFEAB91557C36A817B0D6C, 82216E31F0ED1449999B659D, ); defaultConfigurationIsVisible = 0; defaultConfigurationName = Release; };
		5E5FC935DCA251B226B8190E = { isa = PBXFileReference; explicitFileType = "wrapper.cfbundle"; path = "ChitTests.xctest"; sourceTree = BUILT_PRODUCTS_DIR; };
		B0401FB53062D67F9D97D4BB = { isa = PBXFileSystemSynchronizedRootGroup; path = "Tests/ChitTests"; sourceTree = "<group>"; };
		8E3B6EB98E737F8B098801CE = { isa = PBXSourcesBuildPhase; buildActionMask = 2147483647; files = (); runOnlyForDeploymentPostprocessing = 0; };
		DAAD460EB0E6669A63350F45 = { isa = PBXFrameworksBuildPhase; buildActionMask = 2147483647; files = (); runOnlyForDeploymentPostprocessing = 0; };
		299C80F849E6BC4B5114AC19 = { isa = PBXContainerItemProxy; containerPortal = 98F54143AB4E86B28C3AFEE0; proxyType = 1; remoteGlobalIDString = 369691E06A05B1C61BA2C905; remoteInfo = "Chit"; };
		2661F33F3760752024CA4ED7 = { isa = PBXTargetDependency; target = 369691E06A05B1C61BA2C905; targetProxy = 299C80F849E6BC4B5114AC19; };
		45B864D820B5B5CD35789AF9 = { isa = PBXNativeTarget; buildConfigurationList = C03A6F214FB2C44746ACE25F; buildPhases = (8E3B6EB98E737F8B098801CE, DAAD460EB0E6669A63350F45, ); buildRules = (); dependencies = (2661F33F3760752024CA4ED7, ); fileSystemSynchronizedGroups = (B0401FB53062D67F9D97D4BB, ); name = "ChitTests"; productName = "ChitTests"; productReference = 5E5FC935DCA251B226B8190E; productType = "com.apple.product-type.bundle.unit-test"; };
		88BCA4347CF08094BDD3BDBE = { isa = XCBuildConfiguration; buildSettings = { PRODUCT_NAME = "$(TARGET_NAME)"; PRODUCT_BUNDLE_IDENTIFIER = "local.dcole.ChitTests"; CODE_SIGN_STYLE = "Manual"; CODE_SIGN_IDENTITY = "-"; DEVELOPMENT_TEAM = ""; ENABLE_HARDENED_RUNTIME = "NO"; SWIFT_VERSION = "5.0"; MACOSX_DEPLOYMENT_TARGET = "14.0"; SWIFT_EMIT_LOC_STRINGS = "NO"; GENERATE_INFOPLIST_FILE = "YES"; LD_RUNPATH_SEARCH_PATHS = "$(inherited) @executable_path/../Frameworks @loader_path/../Frameworks"; TEST_HOST = "$(BUILT_PRODUCTS_DIR)/Chit.app/Contents/MacOS/Chit"; BUNDLE_LOADER = "$(TEST_HOST)"; }; name = Debug; };
		7D4481D19310C6866BC77C5A = { isa = XCBuildConfiguration; buildSettings = { PRODUCT_NAME = "$(TARGET_NAME)"; PRODUCT_BUNDLE_IDENTIFIER = "local.dcole.ChitTests"; CODE_SIGN_STYLE = "Manual"; CODE_SIGN_IDENTITY = "-"; DEVELOPMENT_TEAM = ""; ENABLE_HARDENED_RUNTIME = "NO"; SWIFT_VERSION = "5.0"; MACOSX_DEPLOYMENT_TARGET = "14.0"; SWIFT_EMIT_LOC_STRINGS = "NO"; GENERATE_INFOPLIST_FILE = "YES"; LD_RUNPATH_SEARCH_PATHS = "$(inherited) @executable_path/../Frameworks @loader_path/../Frameworks"; TEST_HOST = "$(BUILT_PRODUCTS_DIR)/Chit.app/Contents/MacOS/Chit"; BUNDLE_LOADER = "$(TEST_HOST)"; }; name = Release; };
		C03A6F214FB2C44746ACE25F = { isa = XCConfigurationList; buildConfigurations = (88BCA4347CF08094BDD3BDBE, 7D4481D19310C6866BC77C5A, ); defaultConfigurationIsVisible = 0; defaultConfigurationName = Release; };
		FBDC4F23F93125BBEEAE800C = { isa = PBXGroup; children = (1F20A607560B208E53D7656D, 04366F658C523BE762898D18, 1834632E879A5ABC46AD5D2D, 4746940D047272226A471EC0, 5E5FC935DCA251B226B8190E, ); name = Products; sourceTree = "<group>"; };
		B28B7AF69320201D1CF206EB = { isa = PBXGroup; children = (CA1700030000000000000000, CA1700010000000000000000, CA1700010000000000000001, CA1700010000000000000002, CA1700010000000000000003, CA1700010000000000000004, 5FF7425AFE86CEA1EE381DCB, 9859C953E0352822DCA1A7FB, 4BDA30A86BC9044216DF0268, 5E15B39AE1848F997AB8AE3F, B0401FB53062D67F9D97D4BB, FBDC4F23F93125BBEEAE800C, ); sourceTree = "<group>"; };
		0C107A853F92B3DF814FBBFB = { isa = XCBuildConfiguration; buildSettings = { SDKROOT = "macosx"; SWIFT_INCLUDE_PATHS = "$(SRCROOT)/Sources/CChitYAML"; HEADER_SEARCH_PATHS = ("$(SRCROOT)/Vendor/libyaml/include", "$(SRCROOT)/Vendor/libyaml/src", "$(SRCROOT)/Sources/CChitYAML", ); GCC_PREPROCESSOR_DEFINITIONS = ("$(inherited)", "HAVE_CONFIG_H=1", ); CLANG_ENABLE_MODULES = "YES"; MACOSX_DEPLOYMENT_TARGET = "14.0"; SWIFT_VERSION = "5.0"; ENABLE_USER_SCRIPT_SANDBOXING = "YES"; SWIFT_OPTIMIZATION_LEVEL = "-Onone"; DEBUG_INFORMATION_FORMAT = "dwarf"; ONLY_ACTIVE_ARCH = "YES"; ENABLE_TESTABILITY = "YES"; }; name = Debug; };
		CE18B84F2AFB1F599D6B27AF = { isa = XCBuildConfiguration; buildSettings = { SDKROOT = "macosx"; SWIFT_INCLUDE_PATHS = "$(SRCROOT)/Sources/CChitYAML"; HEADER_SEARCH_PATHS = ("$(SRCROOT)/Vendor/libyaml/include", "$(SRCROOT)/Vendor/libyaml/src", "$(SRCROOT)/Sources/CChitYAML", ); GCC_PREPROCESSOR_DEFINITIONS = ("$(inherited)", "HAVE_CONFIG_H=1", ); CLANG_ENABLE_MODULES = "YES"; MACOSX_DEPLOYMENT_TARGET = "14.0"; SWIFT_VERSION = "5.0"; ENABLE_USER_SCRIPT_SANDBOXING = "YES"; SWIFT_OPTIMIZATION_LEVEL = "-O"; DEBUG_INFORMATION_FORMAT = "dwarf"; ONLY_ACTIVE_ARCH = "NO"; ENABLE_TESTABILITY = "NO"; }; name = Release; };
		F2DAC40D5C9A023B3D9F9428 = { isa = XCConfigurationList; buildConfigurations = (0C107A853F92B3DF814FBBFB, CE18B84F2AFB1F599D6B27AF, ); defaultConfigurationIsVisible = 0; defaultConfigurationName = Release; };
		98F54143AB4E86B28C3AFEE0 = { isa = PBXProject; attributes = { BuildIndependentTargetsInParallel = YES; LastUpgradeCheck = 2620; }; buildConfigurationList = F2DAC40D5C9A023B3D9F9428; developmentRegion = en; hasScannedForEncodings = 0; knownRegions = (en, Base); mainGroup = B28B7AF69320201D1CF206EB; minimizedProjectReferenceProxies = 1; preferredProjectObjectVersion = 77; productRefGroup = FBDC4F23F93125BBEEAE800C; projectDirPath = ""; projectRoot = ""; targets = (993CDC46B6248FBA827C5F81, 74A96A9B40D76DB598FE7516, 369691E06A05B1C61BA2C905, 5FA8C83C636A8E4825BF3F76, 45B864D820B5B5CD35789AF9, ); };
}; rootObject = 98F54143AB4E86B28C3AFEE0; }
